Microsoft Visual Studio Solution File, Format Version 11.00
# Visual Studio 2010
Project("{8BC9CEB8-8B4A-11D0-8D11-00A0C91BC942}") = "ALL_BUILD", "ALL_BUILD.vcxproj", "{7FB11AA6-0406-423E-8521-70620FED43AB}"
	ProjectSection(ProjectDependencies) = postProject
		{8BDA24B5-1AAA-4E54-B0B3-E84A94F7582D} = {8BDA24B5-1AAA-4E54-B0B3-E84A94F7582D}
		{D1F08600-77FB-4DCE-8FE5-6EB6397EE364} = {D1F08600-77FB-4DCE-8FE5-6EB6397EE364}
		{FD41EE90-2ACB-4057-8F48-85ECE85C0E2B} = {FD41EE90-2ACB-4057-8F48-85ECE85C0E2B}
	EndProjectSection
EndProject
Project("{8BC9CEB8-8B4A-11D0-8D11-00A0C91BC942}") = "ZERO_CHECK", "ZERO_CHECK.vcxproj", "{8BDA24B5-1AAA-4E54-B0B3-E84A94F7582D}"
	ProjectSection(ProjectDependencies) = postProject
	EndProjectSection
EndProject
Project("{8BC9CEB8-8B4A-11D0-8D11-00A0C91BC942}") = "gtest", "gtest.vcxproj", "{D1F08600-77FB-4DCE-8FE5-6EB6397EE364}"
	ProjectSection(ProjectDependencies) = postProject
		{8BDA24B5-1AAA-4E54-B0B3-E84A94F7582D} = {8BDA24B5-1AAA-4E54-B0B3-E84A94F7582D}
	EndProjectSection
EndProject
Project("{8BC9CEB8-8B4A-11D0-8D11-00A0C91BC942}") = "gtest_main", "gtest_main.vcxproj", "{FD41EE90-2ACB-4057-8F48-85ECE85C0E2B}"
	ProjectSection(ProjectDependencies) = postProject
		{8BDA24B5-1AAA-4E54-B0B3-E84A94F7582D} = {8BDA24B5-1AAA-4E54-B0B3-E84A94F7582D}
		{D1F08600-77FB-4DCE-8FE5-6EB6397EE364} = {D1F08600-77FB-4DCE-8FE5-6EB6397EE364}
	EndProjectSection
EndProject
Global
	GlobalSection(SolutionConfigurationPlatforms) = preSolution
		Debug|Win32 = Debug|Win32
		Release|Win32 = Release|Win32
		MinSizeRel|Win32 = MinSizeRel|Win32
		RelWithDebInfo|Win32 = RelWithDebInfo|Win32
	EndGlobalSection
	GlobalSection(ProjectConfigurationPlatforms) = postSolution
		{7FB11AA6-0406-423E-8521-70620FED43AB}.Debug|Win32.ActiveCfg = Debug|Win32
		{7FB11AA6-0406-423E-8521-70620FED43AB}.Release|Win32.ActiveCfg = Release|Win32
		{7FB11AA6-0406-423E-8521-70620FED43AB}.MinSizeRel|Win32.ActiveCfg = MinSizeRel|Win32
		{7FB11AA6-0406-423E-8521-70620FED43AB}.RelWithDebInfo|Win32.ActiveCfg = RelWithDebInfo|Win32
		{8BDA24B5-1AAA-4E54-B0B3-E84A94F7582D}.Debug|Win32.ActiveCfg = Debug|Win32
		{8BDA24B5-1AAA-4E54-B0B3-E84A94F7582D}.Debug|Win32.Build.0 = Debug|Win32
		{8BDA24B5-1AAA-4E54-B0B3-E84A94F7582D}.Release|Win32.ActiveCfg = Release|Win32
		{8BDA24B5-1AAA-4E54-B0B3-E84A94F7582D}.Release|Win32.Build.0 = Release|Win32
		{8BDA24B5-1AAA-4E54-B0B3-E84A94F7582D}.MinSizeRel|Win32.ActiveCfg = MinSizeRel|Win32
		{8BDA24B5-1AAA-4E54-B0B3-E84A94F7582D}.MinSizeRel|Win32.Build.0 = MinSizeRel|Win32
		{8BDA24B5-1AAA-4E54-B0B3-E84A94F7582D}.RelWithDebInfo|Win32.ActiveCfg = RelWithDebInfo|Win32
		{8BDA24B5-1AAA-4E54-B0B3-E84A94F7582D}.RelWithDebInfo|Win32.Build.0 = RelWithDebInfo|Win32
		{D1F08600-77FB-4DCE-8FE5-6EB6397EE364}.Debug|Win32.ActiveCfg = Debug|Win32
		{D1F08600-77FB-4DCE-8FE5-6EB6397EE364}.Debug|Win32.Build.0 = Debug|Win32
		{D1F08600-77FB-4DCE-8FE5-6EB6397EE364}.Release|Win32.ActiveCfg = Release|Win32
		{D1F08600-77FB-4DCE-8FE5-6EB6397EE364}.Release|Win32.Build.0 = Release|Win32
		{D1F08600-77FB-4DCE-8FE5-6EB6397EE364}.MinSizeRel|Win32.ActiveCfg = MinSizeRel|Win32
		{D1F08600-77FB-4DCE-8FE5-6EB6397EE364}.MinSizeRel|Win32.Build.0 = MinSizeRel|Win32
		{D1F08600-77FB-4DCE-8FE5-6EB6397EE364}.RelWithDebInfo|Win32.ActiveCfg = RelWithDebInfo|Win32
		{D1F08600-77FB-4DCE-8FE5-6EB6397EE364}.RelWithDebInfo|Win32.Build.0 = RelWithDebInfo|Win32
		{FD41EE90-2ACB-4057-8F48-85ECE85C0E2B}.Debug|Win32.ActiveCfg = Debug|Win32
		{FD41EE90-2ACB-4057-8F48-85ECE85C0E2B}.Debug|Win32.Build.0 = Debug|Win32
		{FD41EE90-2ACB-4057-8F48-85ECE85C0E2B}.Release|Win32.ActiveCfg = Release|Win32
		{FD41EE90-2ACB-4057-8F48-85ECE85C0E2B}.Release|Win32.Build.0 = Release|Win32
		{FD41EE90-2ACB-4057-8F48-85ECE85C0E2B}.MinSizeRel|Win32.ActiveCfg = MinSizeRel|Win32
		{FD41EE90-2ACB-4057-8F48-85ECE85C0E2B}.MinSizeRel|Win32.Build.0 = MinSizeRel|Win32
		{FD41EE90-2ACB-4057-8F48-85ECE85C0E2B}.RelWithDebInfo|Win32.ActiveCfg = RelWithDebInfo|Win32
		{FD41EE90-2ACB-4057-8F48-85ECE85C0E2B}.RelWithDebInfo|Win32.Build.0 = RelWithDebInfo|Win32
	EndGlobalSection
	GlobalSection(ExtensibilityGlobals) = postSolution
	EndGlobalSection
	GlobalSection(ExtensibilityAddIns) = postSolution
	EndGlobalSection
EndGlobal
